
Microsoft Visual Studio Solution File, Format Version 12.00
# Visual Studio Version 17
VisualStudioVersion = 17.3.32929.385
MinimumVisualStudioVersion = 10.0.40219.1
Project("{8BC9CEB8-8B4A-11D0-8D11-00A0C91BC942}") = "ED51", "ED51.vcxproj", "{5B04110B-F6F2-47DB-BDBF-F46D5D9E985A}"
EndProject
Global
	GlobalSection(SolutionConfigurationPlatforms) = preSolution
		Debug|x64 = Debug|x64
		Debug|x86 = Debug|x86
		Release|x64 = Release|x64
		Release|x86 = Release|x86
	EndGlobalSection
	GlobalSection(ProjectConfigurationPlatforms) = postSolution
		{5B04110B-F6F2-47DB-BDBF-F46D5D9E985A}.Debug|x64.ActiveCfg = Debug|x64
		{5B04110B-F6F2-47DB-BDBF-F46D5D9E985A}.Debug|x64.Build.0 = Debug|x64
		{5B04110B-F6F2-47DB-BDBF-F46D5D9E985A}.Debug|x86.ActiveCfg = Debug|Win32
		{5B04110B-F6F2-47DB-BDBF-F46D5D9E985A}.Debug|x86.Build.0 = Debug|Win32
		{5B04110B-F6F2-47DB-BDBF-F46D5D9E985A}.Release|x64.ActiveCfg = Release|x64
		{5B04110B-F6F2-47DB-BDBF-F46D5D9E985A}.Release|x64.Build.0 = Release|x64
		{5B04110B-F6F2-47DB-BDBF-F46D5D9E985A}.Release|x86.ActiveCfg = Release|Win32
		{5B04110B-F6F2-47DB-BDBF-F46D5D9E985A}.Release|x86.Build.0 = Release|Win32
	EndGlobalSection
	GlobalSection(SolutionProperties) = preSolution
		HideSolutionNode = FALSE
	EndGlobalSection
	GlobalSection(ExtensibilityGlobals) = postSolution
		SolutionGuid = {F126AE33-6056-4490-BD91-6C3AB60EA3B8}
	EndGlobalSection
EndGlobal
