
Microsoft Visual Studio Solution File, Format Version 12.00
# Visual Studio Version 17
VisualStudioVersion = 17.3.32929.385
MinimumVisualStudioVersion = 10.0.40219.1
Project("{8BC9CEB8-8B4A-11D0-8D11-00A0C91BC942}") = "Problem 43", "Problem 43.vcxproj", "{7636DF37-7398-4142-BC80-D74413A1531C}"
EndProject
Global
	GlobalSection(SolutionConfigurationPlatforms) = preSolution
		Debug|x64 = Debug|x64
		Debug|x86 = Debug|x86
		Release|x64 = Release|x64
		Release|x86 = Release|x86
	EndGlobalSection
	GlobalSection(ProjectConfigurationPlatforms) = postSolution
		{7636DF37-7398-4142-BC80-D74413A1531C}.Debug|x64.ActiveCfg = Debug|x64
		{7636DF37-7398-4142-BC80-D74413A1531C}.Debug|x64.Build.0 = Debug|x64
		{7636DF37-7398-4142-BC80-D74413A1531C}.Debug|x86.ActiveCfg = Debug|Win32
		{7636DF37-7398-4142-BC80-D74413A1531C}.Debug|x86.Build.0 = Debug|Win32
		{7636DF37-7398-4142-BC80-D74413A1531C}.Release|x64.ActiveCfg = Release|x64
		{7636DF37-7398-4142-BC80-D74413A1531C}.Release|x64.Build.0 = Release|x64
		{7636DF37-7398-4142-BC80-D74413A1531C}.Release|x86.ActiveCfg = Release|Win32
		{7636DF37-7398-4142-BC80-D74413A1531C}.Release|x86.Build.0 = Release|Win32
	EndGlobalSection
	GlobalSection(SolutionProperties) = preSolution
		HideSolutionNode = FALSE
	EndGlobalSection
	GlobalSection(ExtensibilityGlobals) = postSolution
		SolutionGuid = {248159FC-8486-4D34-AAA9-D89583B647D9}
	EndGlobalSection
EndGlobal
