
Microsoft Visual Studio Solution File, Format Version 12.00
# Visual Studio Version 17
VisualStudioVersion = 17.3.32929.385
MinimumVisualStudioVersion = 10.0.40219.1
Project("{8BC9CEB8-8B4A-11D0-8D11-00A0C91BC942}") = "ED18", "ED18.vcxproj", "{CE6719D2-1FDC-4B16-9407-F9E67B0834E1}"
EndProject
Global
	GlobalSection(SolutionConfigurationPlatforms) = preSolution
		Debug|x64 = Debug|x64
		Debug|x86 = Debug|x86
		Release|x64 = Release|x64
		Release|x86 = Release|x86
	EndGlobalSection
	GlobalSection(ProjectConfigurationPlatforms) = postSolution
		{CE6719D2-1FDC-4B16-9407-F9E67B0834E1}.Debug|x64.ActiveCfg = Debug|x64
		{CE6719D2-1FDC-4B16-9407-F9E67B0834E1}.Debug|x64.Build.0 = Debug|x64
		{CE6719D2-1FDC-4B16-9407-F9E67B0834E1}.Debug|x86.ActiveCfg = Debug|Win32
		{CE6719D2-1FDC-4B16-9407-F9E67B0834E1}.Debug|x86.Build.0 = Debug|Win32
		{CE6719D2-1FDC-4B16-9407-F9E67B0834E1}.Release|x64.ActiveCfg = Release|x64
		{CE6719D2-1FDC-4B16-9407-F9E67B0834E1}.Release|x64.Build.0 = Release|x64
		{CE6719D2-1FDC-4B16-9407-F9E67B0834E1}.Release|x86.ActiveCfg = Release|Win32
		{CE6719D2-1FDC-4B16-9407-F9E67B0834E1}.Release|x86.Build.0 = Release|Win32
	EndGlobalSection
	GlobalSection(SolutionProperties) = preSolution
		HideSolutionNode = FALSE
	EndGlobalSection
	GlobalSection(ExtensibilityGlobals) = postSolution
		SolutionGuid = {D20E81C6-1DCD-496E-997C-42EBE6B84DAD}
	EndGlobalSection
EndGlobal
