
Microsoft Visual Studio Solution File, Format Version 12.00
# Visual Studio Version 17
VisualStudioVersion = 17.3.32929.385
MinimumVisualStudioVersion = 10.0.40219.1
Project("{8BC9CEB8-8B4A-11D0-8D11-00A0C91BC942}") = "MAR25", "MAR25.vcxproj", "{4C3AC183-9FE7-4799-AFE8-1E690B2C1885}"
EndProject
Global
	GlobalSection(SolutionConfigurationPlatforms) = preSolution
		Debug|x64 = Debug|x64
		Debug|x86 = Debug|x86
		Release|x64 = Release|x64
		Release|x86 = Release|x86
	EndGlobalSection
	GlobalSection(ProjectConfigurationPlatforms) = postSolution
		{4C3AC183-9FE7-4799-AFE8-1E690B2C1885}.Debug|x64.ActiveCfg = Debug|x64
		{4C3AC183-9FE7-4799-AFE8-1E690B2C1885}.Debug|x64.Build.0 = Debug|x64
		{4C3AC183-9FE7-4799-AFE8-1E690B2C1885}.Debug|x86.ActiveCfg = Debug|Win32
		{4C3AC183-9FE7-4799-AFE8-1E690B2C1885}.Debug|x86.Build.0 = Debug|Win32
		{4C3AC183-9FE7-4799-AFE8-1E690B2C1885}.Release|x64.ActiveCfg = Release|x64
		{4C3AC183-9FE7-4799-AFE8-1E690B2C1885}.Release|x64.Build.0 = Release|x64
		{4C3AC183-9FE7-4799-AFE8-1E690B2C1885}.Release|x86.ActiveCfg = Release|Win32
		{4C3AC183-9FE7-4799-AFE8-1E690B2C1885}.Release|x86.Build.0 = Release|Win32
	EndGlobalSection
	GlobalSection(SolutionProperties) = preSolution
		HideSolutionNode = FALSE
	EndGlobalSection
	GlobalSection(ExtensibilityGlobals) = postSolution
		SolutionGuid = {68CBD5C5-3579-4028-92DA-267B97C53415}
	EndGlobalSection
EndGlobal
