
Microsoft Visual Studio Solution File, Format Version 12.00
# Visual Studio Version 17
VisualStudioVersion = 17.3.32929.385
MinimumVisualStudioVersion = 10.0.40219.1
Project("{8BC9CEB8-8B4A-11D0-8D11-00A0C91BC942}") = "16", "16.vcxproj", "{3908CC33-28BB-4FAF-BB23-FE31D07CDED8}"
EndProject
Global
	GlobalSection(SolutionConfigurationPlatforms) = preSolution
		Debug|x64 = Debug|x64
		Debug|x86 = Debug|x86
		Release|x64 = Release|x64
		Release|x86 = Release|x86
	EndGlobalSection
	GlobalSection(ProjectConfigurationPlatforms) = postSolution
		{3908CC33-28BB-4FAF-BB23-FE31D07CDED8}.Debug|x64.ActiveCfg = Debug|x64
		{3908CC33-28BB-4FAF-BB23-FE31D07CDED8}.Debug|x64.Build.0 = Debug|x64
		{3908CC33-28BB-4FAF-BB23-FE31D07CDED8}.Debug|x86.ActiveCfg = Debug|Win32
		{3908CC33-28BB-4FAF-BB23-FE31D07CDED8}.Debug|x86.Build.0 = Debug|Win32
		{3908CC33-28BB-4FAF-BB23-FE31D07CDED8}.Release|x64.ActiveCfg = Release|x64
		{3908CC33-28BB-4FAF-BB23-FE31D07CDED8}.Release|x64.Build.0 = Release|x64
		{3908CC33-28BB-4FAF-BB23-FE31D07CDED8}.Release|x86.ActiveCfg = Release|Win32
		{3908CC33-28BB-4FAF-BB23-FE31D07CDED8}.Release|x86.Build.0 = Release|Win32
	EndGlobalSection
	GlobalSection(SolutionProperties) = preSolution
		HideSolutionNode = FALSE
	EndGlobalSection
	GlobalSection(ExtensibilityGlobals) = postSolution
		SolutionGuid = {720209B7-49F4-46E3-9DF4-300AB77C8CF8}
	EndGlobalSection
EndGlobal
