
Microsoft Visual Studio Solution File, Format Version 12.00
# Visual Studio Version 17
VisualStudioVersion = 17.3.32929.385
MinimumVisualStudioVersion = 10.0.40219.1
Project("{8BC9CEB8-8B4A-11D0-8D11-00A0C91BC942}") = "05", "05.vcxproj", "{70A35F69-E2B1-4ADC-AF12-C324DCB9AB68}"
EndProject
Global
	GlobalSection(SolutionConfigurationPlatforms) = preSolution
		Debug|x64 = Debug|x64
		Debug|x86 = Debug|x86
		Release|x64 = Release|x64
		Release|x86 = Release|x86
	EndGlobalSection
	GlobalSection(ProjectConfigurationPlatforms) = postSolution
		{70A35F69-E2B1-4ADC-AF12-C324DCB9AB68}.Debug|x64.ActiveCfg = Debug|x64
		{70A35F69-E2B1-4ADC-AF12-C324DCB9AB68}.Debug|x64.Build.0 = Debug|x64
		{70A35F69-E2B1-4ADC-AF12-C324DCB9AB68}.Debug|x86.ActiveCfg = Debug|Win32
		{70A35F69-E2B1-4ADC-AF12-C324DCB9AB68}.Debug|x86.Build.0 = Debug|Win32
		{70A35F69-E2B1-4ADC-AF12-C324DCB9AB68}.Release|x64.ActiveCfg = Release|x64
		{70A35F69-E2B1-4ADC-AF12-C324DCB9AB68}.Release|x64.Build.0 = Release|x64
		{70A35F69-E2B1-4ADC-AF12-C324DCB9AB68}.Release|x86.ActiveCfg = Release|Win32
		{70A35F69-E2B1-4ADC-AF12-C324DCB9AB68}.Release|x86.Build.0 = Release|Win32
	EndGlobalSection
	GlobalSection(SolutionProperties) = preSolution
		HideSolutionNode = FALSE
	EndGlobalSection
	GlobalSection(ExtensibilityGlobals) = postSolution
		SolutionGuid = {CC098599-5E15-4139-8E14-1E53C315D253}
	EndGlobalSection
EndGlobal
